PODS:
  - LoadingProgressHUD (0.1.1)

DEPENDENCIES:
  - LoadingProgressHUD (from `../`)

EXTERNAL SOURCES:
  LoadingProgressHUD:
    :path: "../"

SPEC CHECKSUMS:
  LoadingProgressHUD: 808ecc26ab89fd3a446217b90d6d5d5fa3cb3524

PODFILE CHECKSUM: 9d6a2c6ff6b967c822fe2969f5a2daca199fa76f

COCOAPODS: 1.6.1
